
Microsoft Visual Studio Solution File, Format Version 12.00
Project("{FAE04EC0-301F-11D3-BF4B-00C04F79EFBC}") = "This might take a WHILE", "This might take a WHILE\This might take a WHILE.csproj", "{4252C02F-FA53-4BEB-91F1-7AB14A1FFDCA}"
EndProject
Global
	GlobalSection(SolutionConfigurationPlatforms) = preSolution
		Debug|Any CPU = Debug|Any CPU
		Release|Any CPU = Release|Any CPU
	EndGlobalSection
	GlobalSection(ProjectConfigurationPlatforms) = postSolution
		{4252C02F-FA53-4BEB-91F1-7AB14A1FFDCA}.Debug|Any CPU.ActiveCfg = Debug|Any CPU
		{4252C02F-FA53-4BEB-91F1-7AB14A1FFDCA}.Debug|Any CPU.Build.0 = Debug|Any CPU
		{4252C02F-FA53-4BEB-91F1-7AB14A1FFDCA}.Release|Any CPU.ActiveCfg = Release|Any CPU
		{4252C02F-FA53-4BEB-91F1-7AB14A1FFDCA}.Release|Any CPU.Build.0 = Release|Any CPU
	EndGlobalSection
EndGlobal
