
Microsoft Visual Studio Solution File, Format Version 12.00
Project("{FAE04EC0-301F-11D3-BF4B-00C04F79EFBC}") = "Adoption", "Adoption\Adoption.csproj", "{7BC14641-9698-4542-9DD9-83269B419A9F}"
EndProject
Global
	GlobalSection(SolutionConfigurationPlatforms) = preSolution
		Debug|Any CPU = Debug|Any CPU
		Release|Any CPU = Release|Any CPU
	EndGlobalSection
	GlobalSection(ProjectConfigurationPlatforms) = postSolution
		{7BC14641-9698-4542-9DD9-83269B419A9F}.Debug|Any CPU.ActiveCfg = Debug|Any CPU
		{7BC14641-9698-4542-9DD9-83269B419A9F}.Debug|Any CPU.Build.0 = Debug|Any CPU
		{7BC14641-9698-4542-9DD9-83269B419A9F}.Release|Any CPU.ActiveCfg = Release|Any CPU
		{7BC14641-9698-4542-9DD9-83269B419A9F}.Release|Any CPU.Build.0 = Release|Any CPU
	EndGlobalSection
EndGlobal
